Microsoft Visual Studio Solution File, Format Version 12.00
# Visual Studio 15
VisualStudioVersion = 15.0.27130.2036
MinimumVisualStudioVersion = 15.0.26124.0
Project("{9A19103F-16F7-4668-BE54-9A1E7A4F7556}") = "PrimeService", "PrimeService\PrimeService.csproj", "{A14B23C8-8407-4D0F-BD61-51158C294C25}"
EndProject
Project("{9A19103F-16F7-4668-BE54-9A1E7A4F7556}") = "PrimeService.Tests", "PrimeService.Tests\PrimeService.Tests.csproj", "{ABD4B561-111A-40DE-8703-50E416B24748}"
EndProject
Project("{9A19103F-16F7-4668-BE54-9A1E7A4F7556}") = "MyAPI", "MyAPI\MyAPI.csproj", "{CE9B1D0B-9115-46DA-BE64-5395DCAA06F7}"
EndProject
Project("{2150E333-8FDC-42A3-9474-1A3956D46DE8}") = "Builds", "Builds", "{48F33721-95AB-4DCE-A9B1-A1979C57A5B9}"
EndProject
Project("{9A19103F-16F7-4668-BE54-9A1E7A4F7556}") = "BuildScripts", "Builds\BuildScripts\BuildScripts.csproj", "{CCB1BB2E-5444-40BB-81A1-C51121FC2B41}"
EndProject
Project("{9A19103F-16F7-4668-BE54-9A1E7A4F7556}") = "BuildScripts.UnitTests", "Builds\BuildScripts.UnitTests\BuildScripts.UnitTests.csproj", "{CCD7B565-57C1-4CBF-9063-630E6F01236C}"
EndProject
Project("{2150E333-8FDC-42A3-9474-1A3956D46DE8}") = "Docker", "Docker", "{3B613E81-1F38-43FA-845D-1F73CDA82C80}"
EndProject
Project("{2150E333-8FDC-42A3-9474-1A3956D46DE8}") = "Nginx", "Nginx", "{E7F69744-0961-4385-9900-2BF39E061371}"
	ProjectSection(SolutionItems) = preProject
		Builds\Nginx\nginx.conf = Builds\Nginx\nginx.conf
	EndProjectSection
EndProject
Global
	GlobalSection(SolutionConfigurationPlatforms) = preSolution
		Debug|Any CPU = Debug|Any CPU
		Debug|x64 = Debug|x64
		Debug|x86 = Debug|x86
		Release|Any CPU = Release|Any CPU
		Release|x64 = Release|x64
		Release|x86 = Release|x86
	EndGlobalSection
	GlobalSection(ProjectConfigurationPlatforms) = postSolution
		{A14B23C8-8407-4D0F-BD61-51158C294C25}.Debug|Any CPU.ActiveCfg = Debug|Any CPU
		{A14B23C8-8407-4D0F-BD61-51158C294C25}.Debug|Any CPU.Build.0 = Debug|Any CPU
		{A14B23C8-8407-4D0F-BD61-51158C294C25}.Debug|x64.ActiveCfg = Debug|Any CPU
		{A14B23C8-8407-4D0F-BD61-51158C294C25}.Debug|x64.Build.0 = Debug|Any CPU
		{A14B23C8-8407-4D0F-BD61-51158C294C25}.Debug|x86.ActiveCfg = Debug|Any CPU
		{A14B23C8-8407-4D0F-BD61-51158C294C25}.Debug|x86.Build.0 = Debug|Any CPU
		{A14B23C8-8407-4D0F-BD61-51158C294C25}.Release|Any CPU.ActiveCfg = Release|Any CPU
		{A14B23C8-8407-4D0F-BD61-51158C294C25}.Release|Any CPU.Build.0 = Release|Any CPU
		{A14B23C8-8407-4D0F-BD61-51158C294C25}.Release|x64.ActiveCfg = Release|Any CPU
		{A14B23C8-8407-4D0F-BD61-51158C294C25}.Release|x64.Build.0 = Release|Any CPU
		{A14B23C8-8407-4D0F-BD61-51158C294C25}.Release|x86.ActiveCfg = Release|Any CPU
		{A14B23C8-8407-4D0F-BD61-51158C294C25}.Release|x86.Build.0 = Release|Any CPU
		{ABD4B561-111A-40DE-8703-50E416B24748}.Debug|Any CPU.ActiveCfg = Debug|Any CPU
		{ABD4B561-111A-40DE-8703-50E416B24748}.Debug|Any CPU.Build.0 = Debug|Any CPU
		{ABD4B561-111A-40DE-8703-50E416B24748}.Debug|x64.ActiveCfg = Debug|Any CPU
		{ABD4B561-111A-40DE-8703-50E416B24748}.Debug|x64.Build.0 = Debug|Any CPU
		{ABD4B561-111A-40DE-8703-50E416B24748}.Debug|x86.ActiveCfg = Debug|Any CPU
		{ABD4B561-111A-40DE-8703-50E416B24748}.Debug|x86.Build.0 = Debug|Any CPU
		{ABD4B561-111A-40DE-8703-50E416B24748}.Release|Any CPU.ActiveCfg = Release|Any CPU
		{ABD4B561-111A-40DE-8703-50E416B24748}.Release|Any CPU.Build.0 = Release|Any CPU
		{ABD4B561-111A-40DE-8703-50E416B24748}.Release|x64.ActiveCfg = Release|Any CPU
		{ABD4B561-111A-40DE-8703-50E416B24748}.Release|x64.Build.0 = Release|Any CPU
		{ABD4B561-111A-40DE-8703-50E416B24748}.Release|x86.ActiveCfg = Release|Any CPU
		{ABD4B561-111A-40DE-8703-50E416B24748}.Release|x86.Build.0 = Release|Any CPU
		{CE9B1D0B-9115-46DA-BE64-5395DCAA06F7}.Debug|Any CPU.ActiveCfg = Debug|Any CPU
		{CE9B1D0B-9115-46DA-BE64-5395DCAA06F7}.Debug|Any CPU.Build.0 = Debug|Any CPU
		{CE9B1D0B-9115-46DA-BE64-5395DCAA06F7}.Debug|x64.ActiveCfg = Debug|Any CPU
		{CE9B1D0B-9115-46DA-BE64-5395DCAA06F7}.Debug|x64.Build.0 = Debug|Any CPU
		{CE9B1D0B-9115-46DA-BE64-5395DCAA06F7}.Debug|x86.ActiveCfg = Debug|Any CPU
		{CE9B1D0B-9115-46DA-BE64-5395DCAA06F7}.Debug|x86.Build.0 = Debug|Any CPU
		{CE9B1D0B-9115-46DA-BE64-5395DCAA06F7}.Release|Any CPU.ActiveCfg = Release|Any CPU
		{CE9B1D0B-9115-46DA-BE64-5395DCAA06F7}.Release|Any CPU.Build.0 = Release|Any CPU
		{CE9B1D0B-9115-46DA-BE64-5395DCAA06F7}.Release|x64.ActiveCfg = Release|Any CPU
		{CE9B1D0B-9115-46DA-BE64-5395DCAA06F7}.Release|x64.Build.0 = Release|Any CPU
		{CE9B1D0B-9115-46DA-BE64-5395DCAA06F7}.Release|x86.ActiveCfg = Release|Any CPU
		{CE9B1D0B-9115-46DA-BE64-5395DCAA06F7}.Release|x86.Build.0 = Release|Any CPU
		{CCB1BB2E-5444-40BB-81A1-C51121FC2B41}.Debug|Any CPU.ActiveCfg = Debug|Any CPU
		{CCB1BB2E-5444-40BB-81A1-C51121FC2B41}.Debug|Any CPU.Build.0 = Debug|Any CPU
		{CCB1BB2E-5444-40BB-81A1-C51121FC2B41}.Debug|x64.ActiveCfg = Debug|Any CPU
		{CCB1BB2E-5444-40BB-81A1-C51121FC2B41}.Debug|x64.Build.0 = Debug|Any CPU
		{CCB1BB2E-5444-40BB-81A1-C51121FC2B41}.Debug|x86.ActiveCfg = Debug|Any CPU
		{CCB1BB2E-5444-40BB-81A1-C51121FC2B41}.Debug|x86.Build.0 = Debug|Any CPU
		{CCB1BB2E-5444-40BB-81A1-C51121FC2B41}.Release|Any CPU.ActiveCfg = Release|Any CPU
		{CCB1BB2E-5444-40BB-81A1-C51121FC2B41}.Release|Any CPU.Build.0 = Release|Any CPU
		{CCB1BB2E-5444-40BB-81A1-C51121FC2B41}.Release|x64.ActiveCfg = Release|Any CPU
		{CCB1BB2E-5444-40BB-81A1-C51121FC2B41}.Release|x64.Build.0 = Release|Any CPU
		{CCB1BB2E-5444-40BB-81A1-C51121FC2B41}.Release|x86.ActiveCfg = Release|Any CPU
		{CCB1BB2E-5444-40BB-81A1-C51121FC2B41}.Release|x86.Build.0 = Release|Any CPU
		{CCD7B565-57C1-4CBF-9063-630E6F01236C}.Debug|Any CPU.ActiveCfg = Debug|Any CPU
		{CCD7B565-57C1-4CBF-9063-630E6F01236C}.Debug|Any CPU.Build.0 = Debug|Any CPU
		{CCD7B565-57C1-4CBF-9063-630E6F01236C}.Debug|x64.ActiveCfg = Debug|Any CPU
		{CCD7B565-57C1-4CBF-9063-630E6F01236C}.Debug|x64.Build.0 = Debug|Any CPU
		{CCD7B565-57C1-4CBF-9063-630E6F01236C}.Debug|x86.ActiveCfg = Debug|Any CPU
		{CCD7B565-57C1-4CBF-9063-630E6F01236C}.Debug|x86.Build.0 = Debug|Any CPU
		{CCD7B565-57C1-4CBF-9063-630E6F01236C}.Release|Any CPU.ActiveCfg = Release|Any CPU
		{CCD7B565-57C1-4CBF-9063-630E6F01236C}.Release|Any CPU.Build.0 = Release|Any CPU
		{CCD7B565-57C1-4CBF-9063-630E6F01236C}.Release|x64.ActiveCfg = Release|Any CPU
		{CCD7B565-57C1-4CBF-9063-630E6F01236C}.Release|x64.Build.0 = Release|Any CPU
		{CCD7B565-57C1-4CBF-9063-630E6F01236C}.Release|x86.ActiveCfg = Release|Any CPU
		{CCD7B565-57C1-4CBF-9063-630E6F01236C}.Release|x86.Build.0 = Release|Any CPU
	EndGlobalSection
	GlobalSection(SolutionProperties) = preSolution
		HideSolutionNode = FALSE
	EndGlobalSection
	GlobalSection(NestedProjects) = preSolution
		{CCB1BB2E-5444-40BB-81A1-C51121FC2B41} = {48F33721-95AB-4DCE-A9B1-A1979C57A5B9}
		{CCD7B565-57C1-4CBF-9063-630E6F01236C} = {48F33721-95AB-4DCE-A9B1-A1979C57A5B9}
		{3B613E81-1F38-43FA-845D-1F73CDA82C80} = {48F33721-95AB-4DCE-A9B1-A1979C57A5B9}
		{E7F69744-0961-4385-9900-2BF39E061371} = {48F33721-95AB-4DCE-A9B1-A1979C57A5B9}
	EndGlobalSection
	GlobalSection(ExtensibilityGlobals) = postSolution
		SolutionGuid = {5E9E068D-AA46-4AC6-ADD1-0046FB77059C}
	EndGlobalSection
EndGlobal
